
Microsoft Visual Studio Solution File, Format Version 12.00
# Visual Studio for Mac
Project("{FAE04EC0-301F-11D3-BF4B-00C04F79EFBC}") = "Assembly-CSharp", "Assembly-CSharp.csproj", "{D202C136-3801-3BEF-C444-0F17B81A5E71}"
EndProject
Global
	GlobalSection(SolutionConfigurationPlatforms) = preSolution
		Debug|Any CPU = Debug|Any CPU
		Release|Any CPU = Release|Any CPU
	EndGlobalSection
	GlobalSection(ProjectConfigurationPlatforms) = postSolution
		{D202C136-3801-3BEF-C444-0F17B81A5E71}.Debug|Any CPU.ActiveCfg = Debug|Any CPU
		{D202C136-3801-3BEF-C444-0F17B81A5E71}.Debug|Any CPU.Build.0 = Debug|Any CPU
		{D202C136-3801-3BEF-C444-0F17B81A5E71}.Release|Any CPU.ActiveCfg = Release|Any CPU
		{D202C136-3801-3BEF-C444-0F17B81A5E71}.Release|Any CPU.Build.0 = Release|Any CPU
	EndGlobalSection
	GlobalSection(SolutionProperties) = preSolution
		HideSolutionNode = FALSE
	EndGlobalSection
EndGlobal
