
Microsoft Visual Studio Solution File, Format Version 12.00
# Visual Studio for Mac
Project("{FAE04EC0-301F-11D3-BF4B-00C04F79EFBC}") = "PingPongTest", "Assembly-CSharp.csproj", "{CC3E4A0B-6F82-E28C-CDD5-F444E2261424}"
EndProject
Global
	GlobalSection(SolutionConfigurationPlatforms) = preSolution
		Debug|Any CPU = Debug|Any CPU
		Release|Any CPU = Release|Any CPU
	EndGlobalSection
	GlobalSection(ProjectConfigurationPlatforms) = postSolution
		{CC3E4A0B-6F82-E28C-CDD5-F444E2261424}.Debug|Any CPU.ActiveCfg = Debug|Any CPU
		{CC3E4A0B-6F82-E28C-CDD5-F444E2261424}.Debug|Any CPU.Build.0 = Debug|Any CPU
		{CC3E4A0B-6F82-E28C-CDD5-F444E2261424}.Release|Any CPU.ActiveCfg = Release|Any CPU
		{CC3E4A0B-6F82-E28C-CDD5-F444E2261424}.Release|Any CPU.Build.0 = Release|Any CPU
	EndGlobalSection
	GlobalSection(SolutionProperties) = preSolution
		HideSolutionNode = FALSE
	EndGlobalSection
EndGlobal
